// !$*UTF8*$!
{
	archiveVersion = 1;
	classes = {
	};
	objectVersion = 56;
	objects = {

/* Begin PBXBuildFile section */
		B3166BEE290140A7003AB18F /* AppDelegate.swift in Sources */ = {isa = PBXBuildFile; fileRef = B3166BED290140A7003AB18F /* AppDelegate.swift */; };
		B3166BF0290140A7003AB18F /* SceneDelegate.swift in Sources */ = {isa = PBXBuildFile; fileRef = B3166BEF290140A7003AB18F /* SceneDelegate.swift */; };
		B3166BF2290140A7003AB18F /* ViewController.swift in Sources */ = {isa = PBXBuildFile; fileRef = B3166BF1290140A7003AB18F /* ViewController.swift */; };
		B3166BF5290140A7003AB18F /* Main.storyboard in Resources */ = {isa = PBXBuildFile; fileRef = B3166BF3290140A7003AB18F /* Main.storyboard */; };
		B3166BF7290140A8003AB18F /* Assets.xcassets in Resources */ = {isa = PBXBuildFile; fileRef = B3166BF6290140A8003AB18F /* Assets.xcassets */; };
		B3166BFA290140A8003AB18F /* LaunchScreen.storyboard in Resources */ = {isa = PBXBuildFile; fileRef = B3166BF8290140A8003AB18F /* LaunchScreen.storyboard */; };
		B329E076290162CE0034A7F6 /* AES256.swift in Sources */ = {isa = PBXBuildFile; fileRef = B329E075290162CE0034A7F6 /* AES256.swift */; };
		B340E7EB2901411800BF37C9 /* recheck-clientjs.html in Resources */ = {isa = PBXBuildFile; fileRef = B340E7EA2901411800BF37C9 /* recheck-clientjs.html */; };
		B340E7ED2901414900BF37C9 /* recheck-clientjs-library.js in Resources */ = {isa = PBXBuildFile; fileRef = B340E7EC2901414900BF37C9 /* recheck-clientjs-library.js */; };
		F93090EEAC03D3FF5338B33A /* Pods_near_example.framework in Frameworks */ = {isa = PBXBuildFile; fileRef = 2C525B9B154B5E8168F59D3E /* Pods_near_example.framework */; };
/* End PBXBuildFile section */

/* Begin PBXFileReference section */
		2A41578A2FFE9A89F0EA1730 /* Pods-near-example.debug.xcconfig */ = {isa = PBXFileReference; includeInIndex = 1; lastKnownFileType = text.xcconfig; name = "Pods-near-example.debug.xcconfig"; path = "Target Support Files/Pods-near-example/Pods-near-example.debug.xcconfig"; sourceTree = "<group>"; };
		2C525B9B154B5E8168F59D3E /* Pods_near_example.framework */ = {isa = PBXFileReference; explicitFileType = wrapper.framework; includeInIndex = 0; path = Pods_near_example.framework; sourceTree = BUILT_PRODUCTS_DIR; };
		38975BD5B4C44605B027AEEA /* Pods-near-example.release.xcconfig */ = {isa = PBXFileReference; includeInIndex = 1; lastKnownFileType = text.xcconfig; name = "Pods-near-example.release.xcconfig"; path = "Target Support Files/Pods-near-example/Pods-near-example.release.xcconfig"; sourceTree = "<group>"; };
		B3166BEA290140A7003AB18F /* near-example.app */ = {isa = PBXFileReference; explicitFileType = wrapper.application; includeInIndex = 0; path = "near-example.app"; sourceTree = BUILT_PRODUCTS_DIR; };
		B3166BED290140A7003AB18F /* AppDelegate.swift */ = {isa = PBXFileReference; lastKnownFileType = sourcecode.swift; path = AppDelegate.swift; sourceTree = "<group>"; };
		B3166BEF290140A7003AB18F /* SceneDelegate.swift */ = {isa = PBXFileReference; lastKnownFileType = sourcecode.swift; path = SceneDelegate.swift; sourceTree = "<group>"; };
		B3166BF1290140A7003AB18F /* ViewController.swift */ = {isa = PBXFileReference; lastKnownFileType = sourcecode.swift; path = ViewController.swift; sourceTree = "<group>"; };
		B3166BF4290140A7003AB18F /* Base */ = {isa = PBXFileReference; lastKnownFileType = file.storyboard; name = Base; path = Base.lproj/Main.storyboard; sourceTree = "<group>"; };
		B3166BF6290140A8003AB18F /* Assets.xcassets */ = {isa = PBXFileReference; lastKnownFileType = folder.assetcatalog; path = Assets.xcassets; sourceTree = "<group>"; };
		B3166BF9290140A8003AB18F /* Base */ = {isa = PBXFileReference; lastKnownFileType = file.storyboard; name = Base; path = Base.lproj/LaunchScreen.storyboard; sourceTree = "<group>"; };
		B3166BFB290140A8003AB18F /* Info.plist */ = {isa = PBXFileReference; lastKnownFileType = text.plist.xml; path = Info.plist; sourceTree = "<group>"; };
		B329E075290162CE0034A7F6 /* AES256.swift */ = {isa = PBXFileReference; lastKnownFileType = sourcecode.swift; path = AES256.swift; sourceTree = "<group>"; };
		B340E7EA2901411800BF37C9 /* recheck-clientjs.html */ = {isa = PBXFileReference; fileEncoding = 4; lastKnownFileType = text.html; path = "recheck-clientjs.html"; sourceTree = "<group>"; };
		B340E7EC2901414900BF37C9 /* recheck-clientjs-library.js */ = {isa = PBXFileReference; fileEncoding = 4; lastKnownFileType = sourcecode.javascript; path = "recheck-clientjs-library.js"; sourceTree = "<group>"; };
/* End PBXFileReference section */

/* Begin PBXFrameworksBuildPhase section */
		B3166BE7290140A7003AB18F /* Frameworks */ = {
			isa = PBXFrameworksBuildPhase;
			buildActionMask = 2147483647;
			files = (
				F93090EEAC03D3FF5338B33A /* Pods_near_example.framework in Frameworks */,
			);
			runOnlyForDeploymentPostprocessing = 0;
		};
/* End PBXFrameworksBuildPhase section */

/* Begin PBXGroup section */
		3941161BA9D21D1680B6B189 /* Frameworks */ = {
			isa = PBXGroup;
			children = (
				2C525B9B154B5E8168F59D3E /* Pods_near_example.framework */,
			);
			name = Frameworks;
			sourceTree = "<group>";
		};
		8597DD7B2E7A13CE8B0F7214 /* Pods */ = {
			isa = PBXGroup;
			children = (
				2A41578A2FFE9A89F0EA1730 /* Pods-near-example.debug.xcconfig */,
				38975BD5B4C44605B027AEEA /* Pods-near-example.release.xcconfig */,
			);
			path = Pods;
			sourceTree = "<group>";
		};
		B3166BE1290140A7003AB18F = {
			isa = PBXGroup;
			children = (
				B3166BEC290140A7003AB18F /* near-example */,
				B3166BEB290140A7003AB18F /* Products */,
				8597DD7B2E7A13CE8B0F7214 /* Pods */,
				3941161BA9D21D1680B6B189 /* Frameworks */,
			);
			sourceTree = "<group>";
		};
		B3166BEB290140A7003AB18F /* Products */ = {
			isa = PBXGroup;
			children = (
				B3166BEA290140A7003AB18F /* near-example.app */,
			);
			name = Products;
			sourceTree = "<group>";
		};
		B3166BEC290140A7003AB18F /* near-example */ = {
			isa = PBXGroup;
			children = (
				B340E7EC2901414900BF37C9 /* recheck-clientjs-library.js */,
				B340E7EA2901411800BF37C9 /* recheck-clientjs.html */,
				B329E075290162CE0034A7F6 /* AES256.swift */,
				B3166BED290140A7003AB18F /* AppDelegate.swift */,
				B3166BEF290140A7003AB18F /* SceneDelegate.swift */,
				B3166BF1290140A7003AB18F /* ViewController.swift */,
				B3166BF3290140A7003AB18F /* Main.storyboard */,
				B3166BF6290140A8003AB18F /* Assets.xcassets */,
				B3166BF8290140A8003AB18F /* LaunchScreen.storyboard */,
				B3166BFB290140A8003AB18F /* Info.plist */,
			);
			path = "near-example";
			sourceTree = "<group>";
		};
/* End PBXGroup section */

/* Begin PBXNativeTarget section */
		B3166BE9290140A7003AB18F /* near-example */ = {
			isa = PBXNativeTarget;
			buildConfigurationList = B3166BFE290140A8003AB18F /* Build configuration list for PBXNativeTarget "near-example" */;
			buildPhases = (
				A864860CC99B17CFDA1DC097 /* [CP] Check Pods Manifest.lock */,
				B3166BE6290140A7003AB18F /* Sources */,
				B3166BE7290140A7003AB18F /* Frameworks */,
				B3166BE8290140A7003AB18F /* Resources */,
				70246502328D30CBBDFF559C /* [CP] Embed Pods Frameworks */,
			);
			buildRules = (
			);
			dependencies = (
			);
			name = "near-example";
			productName = "near-example";
			productReference = B3166BEA290140A7003AB18F /* near-example.app */;
			productType = "com.apple.product-type.application";
		};
/* End PBXNativeTarget section */

/* Begin PBXProject section */
		B3166BE2290140A7003AB18F /* Project object */ = {
			isa = PBXProject;
			attributes = {
				BuildIndependentTargetsInParallel = 1;
				LastSwiftUpdateCheck = 1400;
				LastUpgradeCheck = 1400;
				TargetAttributes = {
					B3166BE9290140A7003AB18F = {
						CreatedOnToolsVersion = 14.0.1;
					};
				};
			};
			buildConfigurationList = B3166BE5290140A7003AB18F /* Build configuration list for PBXProject "near-example" */;
			compatibilityVersion = "Xcode 14.0";
			developmentRegion = en;
			hasScannedForEncodings = 0;
			knownRegions = (
				en,
				Base,
			);
			mainGroup = B3166BE1290140A7003AB18F;
			productRefGroup = B3166BEB290140A7003AB18F /* Products */;
			projectDirPath = "";
			projectRoot = "";
			targets = (
				B3166BE9290140A7003AB18F /* near-example */,
			);
		};
/* End PBXProject section */

/* Begin PBXResourcesBuildPhase section */
		B3166BE8290140A7003AB18F /* Resources */ = {
			isa = PBXResourcesBuildPhase;
			buildActionMask = 2147483647;
			files = (
				B3166BFA290140A8003AB18F /* LaunchScreen.storyboard in Resources */,
				B340E7ED2901414900BF37C9 /* recheck-clientjs-library.js in Resources */,
				B3166BF7290140A8003AB18F /* Assets.xcassets in Resources */,
				B340E7EB2901411800BF37C9 /* recheck-clientjs.html in Resources */,
				B3166BF5290140A7003AB18F /* Main.storyboard in Resources */,
			);
			runOnlyForDeploymentPostprocessing = 0;
		};
/* End PBXResourcesBuildPhase section */

/* Begin PBXShellScriptBuildPhase section */
		70246502328D30CBBDFF559C /* [CP] Embed Pods Frameworks */ = {
			isa = PBXShellScriptBuildPhase;
			buildActionMask = 2147483647;
			files = (
			);
			inputFileListPaths = (
				"${PODS_ROOT}/Target Support Files/Pods-near-example/Pods-near-example-frameworks-${CONFIGURATION}-input-files.xcfilelist",
			);
			name = "[CP] Embed Pods Frameworks";
			outputFileListPaths = (
				"${PODS_ROOT}/Target Support Files/Pods-near-example/Pods-near-example-frameworks-${CONFIGURATION}-output-files.xcfilelist",
			);
			runOnlyForDeploymentPostprocessing = 0;
			shellPath = /bin/sh;
			shellScript = "\"${PODS_ROOT}/Target Support Files/Pods-near-example/Pods-near-example-frameworks.sh\"\n";
			showEnvVarsInLog = 0;
		};
		A864860CC99B17CFDA1DC097 /* [CP] Check Pods Manifest.lock */ = {
			isa = PBXShellScriptBuildPhase;
			buildActionMask = 2147483647;
			files = (
			);
			inputFileListPaths = (
			);
			inputPaths = (
				"${PODS_PODFILE_DIR_PATH}/Podfile.lock",
				"${PODS_ROOT}/Manifest.lock",
			);
			name = "[CP] Check Pods Manifest.lock";
			outputFileListPaths = (
			);
			outputPaths = (
				"$(DERIVED_FILE_DIR)/Pods-near-example-checkManifestLockResult.txt",
			);
			runOnlyForDeploymentPostprocessing = 0;
			shellPath = /bin/sh;
			shellScript = "diff \"${PODS_PODFILE_DIR_PATH}/Podfile.lock\" \"${PODS_ROOT}/Manifest.lock\" > /dev/null\nif [ $? != 0 ] ; then\n    # print error to STDERR\n    echo \"error: The sandbox is not in sync with the Podfile.lock. Run 'pod install' or update your CocoaPods installation.\" >&2\n    exit 1\nfi\n# This output is used by Xcode 'outputs' to avoid re-running this script phase.\necho \"SUCCESS\" > \"${SCRIPT_OUTPUT_FILE_0}\"\n";
			showEnvVarsInLog = 0;
		};
/* End PBXShellScriptBuildPhase section */

/* Begin PBXSourcesBuildPhase section */
		B3166BE6290140A7003AB18F /* Sources */ = {
			isa = PBXSourcesBuildPhase;
			buildActionMask = 2147483647;
			files = (
				B329E076290162CE0034A7F6 /* AES256.swift in Sources */,
				B3166BF2290140A7003AB18F /* ViewController.swift in Sources */,
				B3166BEE290140A7003AB18F /* AppDelegate.swift in Sources */,
				B3166BF0290140A7003AB18F /* SceneDelegate.swift in Sources */,
			);
			runOnlyForDeploymentPostprocessing = 0;
		};
/* End PBXSourcesBuildPhase section */

/* Begin PBXVariantGroup section */
		B3166BF3290140A7003AB18F /* Main.storyboard */ = {
			isa = PBXVariantGroup;
			children = (
				B3166BF4290140A7003AB18F /* Base */,
			);
			name = Main.storyboard;
			sourceTree = "<group>";
		};
		B3166BF8290140A8003AB18F /* LaunchScreen.storyboard */ = {
			isa = PBXVariantGroup;
			children = (
				B3166BF9290140A8003AB18F /* Base */,
			);
			name = LaunchScreen.storyboard;
			sourceTree = "<group>";
		};
/* End PBXVariantGroup section */

/* Begin XCBuildConfiguration section */
		B3166BFC290140A8003AB18F /* Debug */ = {
			isa = XCBuildConfiguration;
			buildSettings = {
				ALWAYS_SEARCH_USER_PATHS = NO;
				CLANG_ANALYZER_NONNULL = YES;
				CLANG_ANALYZER_NUMBER_OBJECT_CONVERSION = YES_AGGRESSIVE;
				CLANG_CXX_LANGUAGE_STANDARD = "gnu++20";
				CLANG_ENABLE_MODULES = YES;
				CLANG_ENABLE_OBJC_ARC = YES;
				CLANG_ENABLE_OBJC_WEAK = YES;
				CLANG_WARN_BLOCK_CAPTURE_AUTORELEASING = YES;
				CLANG_WARN_BOOL_CONVERSION = YES;
				CLANG_WARN_COMMA = YES;
				CLANG_WARN_CONSTANT_CONVERSION = YES;
				CLANG_WARN_DEPRECATED_OBJC_IMPLEMENTATIONS = YES;
				CLANG_WARN_DIRECT_OBJC_ISA_USAGE = YES_ERROR;
				CLANG_WARN_DOCUMENTATION_COMMENTS = YES;
				CLANG_WARN_EMPTY_BODY = YES;
				CLANG_WARN_ENUM_CONVERSION = YES;
				CLANG_WARN_INFINITE_RECURSION = YES;
				CLANG_WARN_INT_CONVERSION = YES;
				CLANG_WARN_NON_LITERAL_NULL_CONVERSION = YES;
				CLANG_WARN_OBJC_IMPLICIT_RETAIN_SELF = YES;
				CLANG_WARN_OBJC_LITERAL_CONVERSION = YES;
				CLANG_WARN_OBJC_ROOT_CLASS = YES_ERROR;
				CLANG_WARN_QUOTED_INCLUDE_IN_FRAMEWORK_HEADER = YES;
				CLANG_WARN_RANGE_LOOP_ANALYSIS = YES;
				CLANG_WARN_STRICT_PROTOTYPES = YES;
				CLANG_WARN_SUSPICIOUS_MOVE = YES;
				CLANG_WARN_UNGUARDED_AVAILABILITY = YES_AGGRESSIVE;
				CLANG_WARN_UNREACHABLE_CODE = YES;
				CLANG_WARN__DUPLICATE_METHOD_MATCH = YES;
				COPY_PHASE_STRIP = NO;
				DEBUG_INFORMATION_FORMAT = dwarf;
				ENABLE_STRICT_OBJC_MSGSEND = YES;
				ENABLE_TESTABILITY = YES;
				GCC_C_LANGUAGE_STANDARD = gnu11;
				GCC_DYNAMIC_NO_PIC = NO;
				GCC_NO_COMMON_BLOCKS = YES;
				GCC_OPTIMIZATION_LEVEL = 0;
				GCC_PREPROCESSOR_DEFINITIONS = (
					"DEBUG=1",
					"$(inherited)",
				);
				GCC_WARN_64_TO_32_BIT_CONVERSION = YES;
				GCC_WARN_ABOUT_RETURN_TYPE = YES_ERROR;
				GCC_WARN_UNDECLARED_SELECTOR = YES;
				GCC_WARN_UNINITIALIZED_AUTOS = YES_AGGRESSIVE;
				GCC_WARN_UNUSED_FUNCTION = YES;
				GCC_WARN_UNUSED_VARIABLE = YES;
				IPHONEOS_DEPLOYMENT_TARGET = 16.0;
				MTL_ENABLE_DEBUG_INFO = INCLUDE_SOURCE;
				MTL_FAST_MATH = YES;
				ONLY_ACTIVE_ARCH = YES;
				SDKROOT = iphoneos;
				SWIFT_ACTIVE_COMPILATION_CONDITIONS = DEBUG;
				SWIFT_OPTIMIZATION_LEVEL = "-Onone";
			};
			name = Debug;
		};
		B3166BFD290140A8003AB18F /* Release */ = {
			isa = XCBuildConfiguration;
			buildSettings = {
				ALWAYS_SEARCH_USER_PATHS = NO;
				CLANG_ANALYZER_NONNULL = YES;
				CLANG_ANALYZER_NUMBER_OBJECT_CONVERSION = YES_AGGRESSIVE;
				CLANG_CXX_LANGUAGE_STANDARD = "gnu++20";
				CLANG_ENABLE_MODULES = YES;
				CLANG_ENABLE_OBJC_ARC = YES;
				CLANG_ENABLE_OBJC_WEAK = YES;
				CLANG_WARN_BLOCK_CAPTURE_AUTORELEASING = YES;
				CLANG_WARN_BOOL_CONVERSION = YES;
				CLANG_WARN_COMMA = YES;
				CLANG_WARN_CONSTANT_CONVERSION = YES;
				CLANG_WARN_DEPRECATED_OBJC_IMPLEMENTATIONS = YES;
				CLANG_WARN_DIRECT_OBJC_ISA_USAGE = YES_ERROR;
				CLANG_WARN_DOCUMENTATION_COMMENTS = YES;
				CLANG_WARN_EMPTY_BODY = YES;
				CLANG_WARN_ENUM_CONVERSION = YES;
				CLANG_WARN_INFINITE_RECURSION = YES;
				CLANG_WARN_INT_CONVERSION = YES;
				CLANG_WARN_NON_LITERAL_NULL_CONVERSION = YES;
				CLANG_WARN_OBJC_IMPLICIT_RETAIN_SELF = YES;
				CLANG_WARN_OBJC_LITERAL_CONVERSION = YES;
				CLANG_WARN_OBJC_ROOT_CLASS = YES_ERROR;
				CLANG_WARN_QUOTED_INCLUDE_IN_FRAMEWORK_HEADER = YES;
				CLANG_WARN_RANGE_LOOP_ANALYSIS = YES;
				CLANG_WARN_STRICT_PROTOTYPES = YES;
				CLANG_WARN_SUSPICIOUS_MOVE = YES;
				CLANG_WARN_UNGUARDED_AVAILABILITY = YES_AGGRESSIVE;
				CLANG_WARN_UNREACHABLE_CODE = YES;
				CLANG_WARN__DUPLICATE_METHOD_MATCH = YES;
				COPY_PHASE_STRIP = NO;
				DEBUG_INFORMATION_FORMAT = "dwarf-with-dsym";
				ENABLE_NS_ASSERTIONS = NO;
				ENABLE_STRICT_OBJC_MSGSEND = YES;
				GCC_C_LANGUAGE_STANDARD = gnu11;
				GCC_NO_COMMON_BLOCKS = YES;
				GCC_WARN_64_TO_32_BIT_CONVERSION = YES;
				GCC_WARN_ABOUT_RETURN_TYPE = YES_ERROR;
				GCC_WARN_UNDECLARED_SELECTOR = YES;
				GCC_WARN_UNINITIALIZED_AUTOS = YES_AGGRESSIVE;
				GCC_WARN_UNUSED_FUNCTION = YES;
				GCC_WARN_UNUSED_VARIABLE = YES;
				IPHONEOS_DEPLOYMENT_TARGET = 16.0;
				MTL_ENABLE_DEBUG_INFO = NO;
				MTL_FAST_MATH = YES;
				SDKROOT = iphoneos;
				SWIFT_COMPILATION_MODE = wholemodule;
				SWIFT_OPTIMIZATION_LEVEL = "-O";
				VALIDATE_PRODUCT = YES;
			};
			name = Release;
		};
		B3166BFF290140A8003AB18F /* Debug */ = {
			isa = XCBuildConfiguration;
			baseConfigurationReference = 2A41578A2FFE9A89F0EA1730 /* Pods-near-example.debug.xcconfig */;
			buildSettings = {
				ASSETCATALOG_COMPILER_APPICON_NAME = AppIcon;
				ASSETCATALOG_COMPILER_GLOBAL_ACCENT_COLOR_NAME = AccentColor;
				CODE_SIGN_STYLE = Automatic;
				CURRENT_PROJECT_VERSION = 1;
				DEVELOPMENT_TEAM = 3J5QS4D2V3;
				GENERATE_INFOPLIST_FILE = YES;
				INFOPLIST_FILE = "near-example/Info.plist";
				INFOPLIST_KEY_UIApplicationSupportsIndirectInputEvents = YES;
				INFOPLIST_KEY_UILaunchStoryboardName = LaunchScreen;
				INFOPLIST_KEY_UIMainStoryboardFile = Main;
				INFOPLIST_KEY_UISupportedInterfaceOrientations_iPad = "UIInterfaceOrientationPortrait UIInterfaceOrientationPortraitUpsideDown UIInterfaceOrientationLandscapeLeft UIInterfaceOrientationLandscapeRight";
				INFOPLIST_KEY_UISupportedInterfaceOrientations_iPhone = "UIInterfaceOrientationPortrait UIInterfaceOrientationLandscapeLeft UIInterfaceOrientationLandscapeRight";
				LD_RUNPATH_SEARCH_PATHS = (
					"$(inherited)",
					"@executable_path/Frameworks",
				);
				MARKETING_VERSION = 1.0;
				PRODUCT_BUNDLE_IDENTIFIER = "recheck.io.near-example";
				PRODUCT_NAME = "$(TARGET_NAME)";
				SWIFT_EMIT_LOC_STRINGS = YES;
				SWIFT_VERSION = 5.0;
				TARGETED_DEVICE_FAMILY = "1,2";
			};
			name = Debug;
		};
		B3166C00290140A8003AB18F /* Release */ = {
			isa = XCBuildConfiguration;
			baseConfigurationReference = 38975BD5B4C44605B027AEEA /* Pods-near-example.release.xcconfig */;
			buildSettings = {
				ASSETCATALOG_COMPILER_APPICON_NAME = AppIcon;
				ASSETCATALOG_COMPILER_GLOBAL_ACCENT_COLOR_NAME = AccentColor;
				CODE_SIGN_STYLE = Automatic;
				CURRENT_PROJECT_VERSION = 1;
				DEVELOPMENT_TEAM = 3J5QS4D2V3;
				GENERATE_INFOPLIST_FILE = YES;
				INFOPLIST_FILE = "near-example/Info.plist";
				INFOPLIST_KEY_UIApplicationSupportsIndirectInputEvents = YES;
				INFOPLIST_KEY_UILaunchStoryboardName = LaunchScreen;
				INFOPLIST_KEY_UIMainStoryboardFile = Main;
				INFOPLIST_KEY_UISupportedInterfaceOrientations_iPad = "UIInterfaceOrientationPortrait UIInterfaceOrientationPortraitUpsideDown UIInterfaceOrientationLandscapeLeft UIInterfaceOrientationLandscapeRight";
				INFOPLIST_KEY_UISupportedInterfaceOrientations_iPhone = "UIInterfaceOrientationPortrait UIInterfaceOrientationLandscapeLeft UIInterfaceOrientationLandscapeRight";
				LD_RUNPATH_SEARCH_PATHS = (
					"$(inherited)",
					"@executable_path/Frameworks",
				);
				MARKETING_VERSION = 1.0;
				PRODUCT_BUNDLE_IDENTIFIER = "recheck.io.near-example";
				PRODUCT_NAME = "$(TARGET_NAME)";
				SWIFT_EMIT_LOC_STRINGS = YES;
				SWIFT_VERSION = 5.0;
				TARGETED_DEVICE_FAMILY = "1,2";
			};
			name = Release;
		};
/* End XCBuildConfiguration section */

/* Begin XCConfigurationList section */
		B3166BE5290140A7003AB18F /* Build configuration list for PBXProject "near-example" */ = {
			isa = XCConfigurationList;
			buildConfigurations = (
				B3166BFC290140A8003AB18F /* Debug */,
				B3166BFD290140A8003AB18F /* Release */,
			);
			defaultConfigurationIsVisible = 0;
			defaultConfigurationName = Release;
		};
		B3166BFE290140A8003AB18F /* Build configuration list for PBXNativeTarget "near-example" */ = {
			isa = XCConfigurationList;
			buildConfigurations = (
				B3166BFF290140A8003AB18F /* Debug */,
				B3166C00290140A8003AB18F /* Release */,
			);
			defaultConfigurationIsVisible = 0;
			defaultConfigurationName = Release;
		};
/* End XCConfigurationList section */
	};
	rootObject = B3166BE2290140A7003AB18F /* Project object */;
}
